// !$*UTF8*$!
{
	archiveVersion = 1;
	classes = {
	};
	objectVersion = 50;
	objects = {

/* Begin PBXBuildFile section */
		B6193FE42647B92E00FAD518 /* AppDelegate.swift in Sources */ = {isa = PBXBuildFile; fileRef = B6193FE32647B92E00FAD518 /* AppDelegate.swift */; };
		B6193FE82647B92E00FAD518 /* ViewController.swift in Sources */ = {isa = PBXBuildFile; fileRef = B6193FE72647B92E00FAD518 /* ViewController.swift */; };
		B6193FEB2647B92E00FAD518 /* Main.storyboard in Resources */ = {isa = PBXBuildFile; fileRef = B6193FE92647B92E00FAD518 /* Main.storyboard */; };
		B6193FF32647B93200FAD518 /* LaunchScreen.storyboard in Resources */ = {isa = PBXBuildFile; fileRef = B6193FF12647B93200FAD518 /* LaunchScreen.storyboard */; };
		B6193FFB2648524500FAD518 /* SceneDelegate.swift in Sources */ = {isa = PBXBuildFile; fileRef = B6193FFA2648524500FAD518 /* SceneDelegate.swift */; };
		B61940012648915500FAD518 /* CGRectExtension.swift in Sources */ = {isa = PBXBuildFile; fileRef = B61940002648915500FAD518 /* CGRectExtension.swift */; };
		B61940032648916B00FAD518 /* AnimatedProgressLayer.swift in Sources */ = {isa = PBXBuildFile; fileRef = B61940022648916B00FAD518 /* AnimatedProgressLayer.swift */; };
		B61940052648919400FAD518 /* AnimatedCircleCompletionLayer.swift in Sources */ = {isa = PBXBuildFile; fileRef = B61940042648919400FAD518 /* AnimatedCircleCompletionLayer.swift */; };
		B6194007264891AC00FAD518 /* GradientAnimatedCircleCompletionLayer.swift in Sources */ = {isa = PBXBuildFile; fileRef = B6194006264891AC00FAD518 /* GradientAnimatedCircleCompletionLayer.swift */; };
		B6194009264891BF00FAD518 /* AnimatedProgressView.swift in Sources */ = {isa = PBXBuildFile; fileRef = B6194008264891BF00FAD518 /* AnimatedProgressView.swift */; };
		B619400B264891D500FAD518 /* AnimatedCircleCompletionView.swift in Sources */ = {isa = PBXBuildFile; fileRef = B619400A264891D500FAD518 /* AnimatedCircleCompletionView.swift */; };
		B619400D264891ED00FAD518 /* GradientAnimatedCircleCompletionView.swift in Sources */ = {isa = PBXBuildFile; fileRef = B619400C264891ED00FAD518 /* GradientAnimatedCircleCompletionView.swift */; };
		B619401126489C4D00FAD518 /* LICENSE.txt in Resources */ = {isa = PBXBuildFile; fileRef = B619401026489C4D00FAD518 /* LICENSE.txt */; };
/* End PBXBuildFile section */

/* Begin PBXFileReference section */
		B6193FE02647B92E00FAD518 /* LoadingAnimations.app */ = {isa = PBXFileReference; explicitFileType = wrapper.application; includeInIndex = 0; path = LoadingAnimations.app; sourceTree = BUILT_PRODUCTS_DIR; };
		B6193FE32647B92E00FAD518 /* AppDelegate.swift */ = {isa = PBXFileReference; lastKnownFileType = sourcecode.swift; path = AppDelegate.swift; sourceTree = "<group>"; };
		B6193FE72647B92E00FAD518 /* ViewController.swift */ = {isa = PBXFileReference; lastKnownFileType = sourcecode.swift; path = ViewController.swift; sourceTree = "<group>"; };
		B6193FEA2647B92E00FAD518 /* Base */ = {isa = PBXFileReference; lastKnownFileType = file.storyboard; name = Base; path = Base.lproj/Main.storyboard; sourceTree = "<group>"; };
		B6193FF22647B93200FAD518 /* Base */ = {isa = PBXFileReference; lastKnownFileType = file.storyboard; name = Base; path = Base.lproj/LaunchScreen.storyboard; sourceTree = "<group>"; };
		B6193FF42647B93200FAD518 /* Info.plist */ = {isa = PBXFileReference; lastKnownFileType = text.plist.xml; path = Info.plist; sourceTree = "<group>"; };
		B6193FFA2648524500FAD518 /* SceneDelegate.swift */ = {isa = PBXFileReference; fileEncoding = 4; lastKnownFileType = sourcecode.swift; path = SceneDelegate.swift; sourceTree = "<group>"; };
		B61940002648915500FAD518 /* CGRectExtension.swift */ = {isa = PBXFileReference; lastKnownFileType = sourcecode.swift; path = CGRectExtension.swift; sourceTree = "<group>"; };
		B61940022648916B00FAD518 /* AnimatedProgressLayer.swift */ = {isa = PBXFileReference; lastKnownFileType = sourcecode.swift; path = AnimatedProgressLayer.swift; sourceTree = "<group>"; };
		B61940042648919400FAD518 /* AnimatedCircleCompletionLayer.swift */ = {isa = PBXFileReference; lastKnownFileType = sourcecode.swift; path = AnimatedCircleCompletionLayer.swift; sourceTree = "<group>"; };
		B6194006264891AC00FAD518 /* GradientAnimatedCircleCompletionLayer.swift */ = {isa = PBXFileReference; lastKnownFileType = sourcecode.swift; path = GradientAnimatedCircleCompletionLayer.swift; sourceTree = "<group>"; };
		B6194008264891BF00FAD518 /* AnimatedProgressView.swift */ = {isa = PBXFileReference; lastKnownFileType = sourcecode.swift; path = AnimatedProgressView.swift; sourceTree = "<group>"; };
		B619400A264891D500FAD518 /* AnimatedCircleCompletionView.swift */ = {isa = PBXFileReference; lastKnownFileType = sourcecode.swift; path = AnimatedCircleCompletionView.swift; sourceTree = "<group>"; };
		B619400C264891ED00FAD518 /* GradientAnimatedCircleCompletionView.swift */ = {isa = PBXFileReference; lastKnownFileType = sourcecode.swift; path = GradientAnimatedCircleCompletionView.swift; sourceTree = "<group>"; };
		B619401026489C4D00FAD518 /* LICENSE.txt */ = {isa = PBXFileReference; lastKnownFileType = text; path = LICENSE.txt; sourceTree = "<group>"; };
/* End PBXFileReference section */

/* Begin PBXFrameworksBuildPhase section */
		B6193FDD2647B92E00FAD518 /* Frameworks */ = {
			isa = PBXFrameworksBuildPhase;
			buildActionMask = 2147483647;
			files = (
			);
			runOnlyForDeploymentPostprocessing = 0;
		};
/* End PBXFrameworksBuildPhase section */

/* Begin PBXGroup section */
		B6193FD72647B92E00FAD518 = {
			isa = PBXGroup;
			children = (
				B619401026489C4D00FAD518 /* LICENSE.txt */,
				B6193FE22647B92E00FAD518 /* LoadingAnimations */,
				B6193FE12647B92E00FAD518 /* Products */,
			);
			sourceTree = "<group>";
		};
		B6193FE12647B92E00FAD518 /* Products */ = {
			isa = PBXGroup;
			children = (
				B6193FE02647B92E00FAD518 /* LoadingAnimations.app */,
			);
			name = Products;
			sourceTree = "<group>";
		};
		B6193FE22647B92E00FAD518 /* LoadingAnimations */ = {
			isa = PBXGroup;
			children = (
				B6193FFD264890FB00FAD518 /* Layers */,
				B6193FFE2648910A00FAD518 /* Views */,
				B6193FFF2648911200FAD518 /* Extensions */,
				B6193FE32647B92E00FAD518 /* AppDelegate.swift */,
				B6193FE72647B92E00FAD518 /* ViewController.swift */,
				B6193FFA2648524500FAD518 /* SceneDelegate.swift */,
				B6193FE92647B92E00FAD518 /* Main.storyboard */,
				B6193FF12647B93200FAD518 /* LaunchScreen.storyboard */,
				B6193FF42647B93200FAD518 /* Info.plist */,
			);
			path = LoadingAnimations;
			sourceTree = "<group>";
		};
		B6193FFD264890FB00FAD518 /* Layers */ = {
			isa = PBXGroup;
			children = (
				B61940022648916B00FAD518 /* AnimatedProgressLayer.swift */,
				B61940042648919400FAD518 /* AnimatedCircleCompletionLayer.swift */,
				B6194006264891AC00FAD518 /* GradientAnimatedCircleCompletionLayer.swift */,
			);
			path = Layers;
			sourceTree = "<group>";
		};
		B6193FFE2648910A00FAD518 /* Views */ = {
			isa = PBXGroup;
			children = (
				B6194008264891BF00FAD518 /* AnimatedProgressView.swift */,
				B619400A264891D500FAD518 /* AnimatedCircleCompletionView.swift */,
				B619400C264891ED00FAD518 /* GradientAnimatedCircleCompletionView.swift */,
			);
			path = Views;
			sourceTree = "<group>";
		};
		B6193FFF2648911200FAD518 /* Extensions */ = {
			isa = PBXGroup;
			children = (
				B61940002648915500FAD518 /* CGRectExtension.swift */,
			);
			path = Extensions;
			sourceTree = "<group>";
		};
/* End PBXGroup section */

/* Begin PBXNativeTarget section */
		B6193FDF2647B92E00FAD518 /* LoadingAnimations */ = {
			isa = PBXNativeTarget;
			buildConfigurationList = B6193FF72647B93200FAD518 /* Build configuration list for PBXNativeTarget "LoadingAnimations" */;
			buildPhases = (
				B6193FDC2647B92E00FAD518 /* Sources */,
				B6193FDD2647B92E00FAD518 /* Frameworks */,
				B6193FDE2647B92E00FAD518 /* Resources */,
			);
			buildRules = (
			);
			dependencies = (
			);
			name = LoadingAnimations;
			productName = LoadingAnimations;
			productReference = B6193FE02647B92E00FAD518 /* LoadingAnimations.app */;
			productType = "com.apple.product-type.application";
		};
/* End PBXNativeTarget section */

/* Begin PBXProject section */
		B6193FD82647B92E00FAD518 /* Project object */ = {
			isa = PBXProject;
			attributes = {
				LastSwiftUpdateCheck = 1130;
				LastUpgradeCheck = 1130;
				ORGANIZATIONNAME = AdvancedSwift;
				TargetAttributes = {
					B6193FDF2647B92E00FAD518 = {
						CreatedOnToolsVersion = 11.3.1;
					};
				};
			};
			buildConfigurationList = B6193FDB2647B92E00FAD518 /* Build configuration list for PBXProject "LoadingAnimations" */;
			compatibilityVersion = "Xcode 9.3";
			developmentRegion = en;
			hasScannedForEncodings = 0;
			knownRegions = (
				en,
				Base,
			);
			mainGroup = B6193FD72647B92E00FAD518;
			productRefGroup = B6193FE12647B92E00FAD518 /* Products */;
			projectDirPath = "";
			projectRoot = "";
			targets = (
				B6193FDF2647B92E00FAD518 /* LoadingAnimations */,
			);
		};
/* End PBXProject section */

/* Begin PBXResourcesBuildPhase section */
		B6193FDE2647B92E00FAD518 /* Resources */ = {
			isa = PBXResourcesBuildPhase;
			buildActionMask = 2147483647;
			files = (
				B619401126489C4D00FAD518 /* LICENSE.txt in Resources */,
				B6193FF32647B93200FAD518 /* LaunchScreen.storyboard in Resources */,
				B6193FEB2647B92E00FAD518 /* Main.storyboard in Resources */,
			);
			runOnlyForDeploymentPostprocessing = 0;
		};
/* End PBXResourcesBuildPhase section */

/* Begin PBXSourcesBuildPhase section */
		B6193FDC2647B92E00FAD518 /* Sources */ = {
			isa = PBXSourcesBuildPhase;
			buildActionMask = 2147483647;
			files = (
				B6194007264891AC00FAD518 /* GradientAnimatedCircleCompletionLayer.swift in Sources */,
				B619400B264891D500FAD518 /* AnimatedCircleCompletionView.swift in Sources */,
				B61940012648915500FAD518 /* CGRectExtension.swift in Sources */,
				B6193FE82647B92E00FAD518 /* ViewController.swift in Sources */,
				B61940052648919400FAD518 /* AnimatedCircleCompletionLayer.swift in Sources */,
				B6193FE42647B92E00FAD518 /* AppDelegate.swift in Sources */,
				B61940032648916B00FAD518 /* AnimatedProgressLayer.swift in Sources */,
				B619400D264891ED00FAD518 /* GradientAnimatedCircleCompletionView.swift in Sources */,
				B6193FFB2648524500FAD518 /* SceneDelegate.swift in Sources */,
				B6194009264891BF00FAD518 /* AnimatedProgressView.swift in Sources */,
			);
			runOnlyForDeploymentPostprocessing = 0;
		};
/* End PBXSourcesBuildPhase section */

/* Begin PBXVariantGroup section */
		B6193FE92647B92E00FAD518 /* Main.storyboard */ = {
			isa = PBXVariantGroup;
			children = (
				B6193FEA2647B92E00FAD518 /* Base */,
			);
			name = Main.storyboard;
			sourceTree = "<group>";
		};
		B6193FF12647B93200FAD518 /* LaunchScreen.storyboard */ = {
			isa = PBXVariantGroup;
			children = (
				B6193FF22647B93200FAD518 /* Base */,
			);
			name = LaunchScreen.storyboard;
			sourceTree = "<group>";
		};
/* End PBXVariantGroup section */

/* Begin XCBuildConfiguration section */
		B6193FF52647B93200FAD518 /* Debug */ = {
			isa = XCBuildConfiguration;
			buildSettings = {
				ALWAYS_SEARCH_USER_PATHS = NO;
				CLANG_ANALYZER_NONNULL = YES;
				CLANG_ANALYZER_NUMBER_OBJECT_CONVERSION = YES_AGGRESSIVE;
				CLANG_CXX_LANGUAGE_STANDARD = "gnu++14";
				CLANG_CXX_LIBRARY = "libc++";
				CLANG_ENABLE_MODULES = YES;
				CLANG_ENABLE_OBJC_ARC = YES;
				CLANG_ENABLE_OBJC_WEAK = YES;
				CLANG_WARN_BLOCK_CAPTURE_AUTORELEASING = YES;
				CLANG_WARN_BOOL_CONVERSION = YES;
				CLANG_WARN_COMMA = YES;
				CLANG_WARN_CONSTANT_CONVERSION = YES;
				CLANG_WARN_DEPRECATED_OBJC_IMPLEMENTATIONS = YES;
				CLANG_WARN_DIRECT_OBJC_ISA_USAGE = YES_ERROR;
				CLANG_WARN_DOCUMENTATION_COMMENTS = YES;
				CLANG_WARN_EMPTY_BODY = YES;
				CLANG_WARN_ENUM_CONVERSION = YES;
				CLANG_WARN_INFINITE_RECURSION = YES;
				CLANG_WARN_INT_CONVERSION = YES;
				CLANG_WARN_NON_LITERAL_NULL_CONVERSION = YES;
				CLANG_WARN_OBJC_IMPLICIT_RETAIN_SELF = YES;
				CLANG_WARN_OBJC_LITERAL_CONVERSION = YES;
				CLANG_WARN_OBJC_ROOT_CLASS = YES_ERROR;
				CLANG_WARN_RANGE_LOOP_ANALYSIS = YES;
				CLANG_WARN_STRICT_PROTOTYPES = YES;
				CLANG_WARN_SUSPICIOUS_MOVE = YES;
				CLANG_WARN_UNGUARDED_AVAILABILITY = YES_AGGRESSIVE;
				CLANG_WARN_UNREACHABLE_CODE = YES;
				CLANG_WARN__DUPLICATE_METHOD_MATCH = YES;
				COPY_PHASE_STRIP = NO;
				DEBUG_INFORMATION_FORMAT = dwarf;
				ENABLE_STRICT_OBJC_MSGSEND = YES;
				ENABLE_TESTABILITY = YES;
				GCC_C_LANGUAGE_STANDARD = gnu11;
				GCC_DYNAMIC_NO_PIC = NO;
				GCC_NO_COMMON_BLOCKS = YES;
				GCC_OPTIMIZATION_LEVEL = 0;
				GCC_PREPROCESSOR_DEFINITIONS = (
					"DEBUG=1",
					"$(inherited)",
				);
				GCC_WARN_64_TO_32_BIT_CONVERSION = YES;
				GCC_WARN_ABOUT_RETURN_TYPE = YES_ERROR;
				GCC_WARN_UNDECLARED_SELECTOR = YES;
				GCC_WARN_UNINITIALIZED_AUTOS = YES_AGGRESSIVE;
				GCC_WARN_UNUSED_FUNCTION = YES;
				GCC_WARN_UNUSED_VARIABLE = YES;
				IPHONEOS_DEPLOYMENT_TARGET = 13.2;
				MTL_ENABLE_DEBUG_INFO = INCLUDE_SOURCE;
				MTL_FAST_MATH = YES;
				ONLY_ACTIVE_ARCH = YES;
				SDKROOT = iphoneos;
				SWIFT_ACTIVE_COMPILATION_CONDITIONS = DEBUG;
				SWIFT_OPTIMIZATION_LEVEL = "-Onone";
			};
			name = Debug;
		};
		B6193FF62647B93200FAD518 /* Release */ = {
			isa = XCBuildConfiguration;
			buildSettings = {
				ALWAYS_SEARCH_USER_PATHS = NO;
				CLANG_ANALYZER_NONNULL = YES;
				CLANG_ANALYZER_NUMBER_OBJECT_CONVERSION = YES_AGGRESSIVE;
				CLANG_CXX_LANGUAGE_STANDARD = "gnu++14";
				CLANG_CXX_LIBRARY = "libc++";
				CLANG_ENABLE_MODULES = YES;
				CLANG_ENABLE_OBJC_ARC = YES;
				CLANG_ENABLE_OBJC_WEAK = YES;
				CLANG_WARN_BLOCK_CAPTURE_AUTORELEASING = YES;
				CLANG_WARN_BOOL_CONVERSION = YES;
				CLANG_WARN_COMMA = YES;
				CLANG_WARN_CONSTANT_CONVERSION = YES;
				CLANG_WARN_DEPRECATED_OBJC_IMPLEMENTATIONS = YES;
				CLANG_WARN_DIRECT_OBJC_ISA_USAGE = YES_ERROR;
				CLANG_WARN_DOCUMENTATION_COMMENTS = YES;
				CLANG_WARN_EMPTY_BODY = YES;
				CLANG_WARN_ENUM_CONVERSION = YES;
				CLANG_WARN_INFINITE_RECURSION = YES;
				CLANG_WARN_INT_CONVERSION = YES;
				CLANG_WARN_NON_LITERAL_NULL_CONVERSION = YES;
				CLANG_WARN_OBJC_IMPLICIT_RETAIN_SELF = YES;
				CLANG_WARN_OBJC_LITERAL_CONVERSION = YES;
				CLANG_WARN_OBJC_ROOT_CLASS = YES_ERROR;
				CLANG_WARN_RANGE_LOOP_ANALYSIS = YES;
				CLANG_WARN_STRICT_PROTOTYPES = YES;
				CLANG_WARN_SUSPICIOUS_MOVE = YES;
				CLANG_WARN_UNGUARDED_AVAILABILITY = YES_AGGRESSIVE;
				CLANG_WARN_UNREACHABLE_CODE = YES;
				CLANG_WARN__DUPLICATE_METHOD_MATCH = YES;
				COPY_PHASE_STRIP = NO;
				DEBUG_INFORMATION_FORMAT = "dwarf-with-dsym";
				ENABLE_NS_ASSERTIONS = NO;
				ENABLE_STRICT_OBJC_MSGSEND = YES;
				GCC_C_LANGUAGE_STANDARD = gnu11;
				GCC_NO_COMMON_BLOCKS = YES;
				GCC_WARN_64_TO_32_BIT_CONVERSION = YES;
				GCC_WARN_ABOUT_RETURN_TYPE = YES_ERROR;
				GCC_WARN_UNDECLARED_SELECTOR = YES;
				GCC_WARN_UNINITIALIZED_AUTOS = YES_AGGRESSIVE;
				GCC_WARN_UNUSED_FUNCTION = YES;
				GCC_WARN_UNUSED_VARIABLE = YES;
				IPHONEOS_DEPLOYMENT_TARGET = 13.2;
				MTL_ENABLE_DEBUG_INFO = NO;
				MTL_FAST_MATH = YES;
				SDKROOT = iphoneos;
				SWIFT_COMPILATION_MODE = wholemodule;
				SWIFT_OPTIMIZATION_LEVEL = "-O";
				VALIDATE_PRODUCT = YES;
			};
			name = Release;
		};
		B6193FF82647B93200FAD518 /* Debug */ = {
			isa = XCBuildConfiguration;
			buildSettings = {
				CODE_SIGN_STYLE = Automatic;
				INFOPLIST_FILE = LoadingAnimations/Info.plist;
				LD_RUNPATH_SEARCH_PATHS = (
					"$(inherited)",
					"@executable_path/Frameworks",
				);
				PRODUCT_BUNDLE_IDENTIFIER = com.advancedswift.LoadingAnimations;
				PRODUCT_NAME = "$(TARGET_NAME)";
				SWIFT_VERSION = 5.0;
				TARGETED_DEVICE_FAMILY = "1,2";
			};
			name = Debug;
		};
		B6193FF92647B93200FAD518 /* Release */ = {
			isa = XCBuildConfiguration;
			buildSettings = {
				CODE_SIGN_STYLE = Automatic;
				INFOPLIST_FILE = LoadingAnimations/Info.plist;
				LD_RUNPATH_SEARCH_PATHS = (
					"$(inherited)",
					"@executable_path/Frameworks",
				);
				PRODUCT_BUNDLE_IDENTIFIER = com.advancedswift.LoadingAnimations;
				PRODUCT_NAME = "$(TARGET_NAME)";
				SWIFT_VERSION = 5.0;
				TARGETED_DEVICE_FAMILY = "1,2";
			};
			name = Release;
		};
/* End XCBuildConfiguration section */

/* Begin XCConfigurationList section */
		B6193FDB2647B92E00FAD518 /* Build configuration list for PBXProject "LoadingAnimations" */ = {
			isa = XCConfigurationList;
			buildConfigurations = (
				B6193FF52647B93200FAD518 /* Debug */,
				B6193FF62647B93200FAD518 /* Release */,
			);
			defaultConfigurationIsVisible = 0;
			defaultConfigurationName = Release;
		};
		B6193FF72647B93200FAD518 /* Build configuration list for PBXNativeTarget "LoadingAnimations" */ = {
			isa = XCConfigurationList;
			buildConfigurations = (
				B6193FF82647B93200FAD518 /* Debug */,
				B6193FF92647B93200FAD518 /* Release */,
			);
			defaultConfigurationIsVisible = 0;
			defaultConfigurationName = Release;
		};
/* End XCConfigurationList section */
	};
	rootObject = B6193FD82647B92E00FAD518 /* Project object */;
}
